
Microsoft Visual Studio Solution File, Format Version 12.00
# Visual Studio 15
VisualStudioVersion = 15.0.28307.539
MinimumVisualStudioVersion = 10.0.40219.1
Project("{FAE04EC0-301F-11D3-BF4B-00C04F79EFBC}") = "HelloWorld", "HelloWorld.csproj", "{11C41F7E-EED9-49F8-9FC3-1D4D5461235E}"
EndProject
Project("{FAE04EC0-301F-11D3-BF4B-00C04F79EFBC}") = "Integers", "..\Integers\Integers.csproj", "{BDA51F85-B4A4-40EF-9F87-70283BE48765}"
EndProject
Project("{FAE04EC0-301F-11D3-BF4B-00C04F79EFBC}") = "Strings", "..\Strings\Strings.csproj", "{A45015F7-1206-4A3A-B1AD-EE7BADDAC372}"
EndProject
Project("{FAE04EC0-301F-11D3-BF4B-00C04F79EFBC}") = "Arrays", "..\Arrays\Arrays.csproj", "{9D8E8AC0-085C-4E38-84AB-412B73CB04F8}"
EndProject
Project("{FAE04EC0-301F-11D3-BF4B-00C04F79EFBC}") = "WriteAndWriteLine", "WriteAndWriteLine\WriteAndWriteLine.csproj", "{6AF957F7-6798-41FA-B923-1D96783FC0BF}"
EndProject
Project("{FAE04EC0-301F-11D3-BF4B-00C04F79EFBC}") = "ArythmeticOperators", "ArythmeticOperators\ArythmeticOperators.csproj", "{CD57E123-B419-4357-8746-78AD9E3FCB5E}"
EndProject
Project("{FAE04EC0-301F-11D3-BF4B-00C04F79EFBC}") = "Conditionals_statements", "..\ConsoleApp1\Conditionals_statements.csproj", "{F1755FE1-0B54-4504-B42D-1A30EAAB0C88}"
EndProject
Global
	GlobalSection(SolutionConfigurationPlatforms) = preSolution
		Debug|Any CPU = Debug|Any CPU
		Release|Any CPU = Release|Any CPU
	EndGlobalSection
	GlobalSection(ProjectConfigurationPlatforms) = postSolution
		{11C41F7E-EED9-49F8-9FC3-1D4D5461235E}.Debug|Any CPU.ActiveCfg = Debug|Any CPU
		{11C41F7E-EED9-49F8-9FC3-1D4D5461235E}.Debug|Any CPU.Build.0 = Debug|Any CPU
		{11C41F7E-EED9-49F8-9FC3-1D4D5461235E}.Release|Any CPU.ActiveCfg = Release|Any CPU
		{11C41F7E-EED9-49F8-9FC3-1D4D5461235E}.Release|Any CPU.Build.0 = Release|Any CPU
		{BDA51F85-B4A4-40EF-9F87-70283BE48765}.Debug|Any CPU.ActiveCfg = Debug|Any CPU
		{BDA51F85-B4A4-40EF-9F87-70283BE48765}.Debug|Any CPU.Build.0 = Debug|Any CPU
		{BDA51F85-B4A4-40EF-9F87-70283BE48765}.Release|Any CPU.ActiveCfg = Release|Any CPU
		{BDA51F85-B4A4-40EF-9F87-70283BE48765}.Release|Any CPU.Build.0 = Release|Any CPU
		{A45015F7-1206-4A3A-B1AD-EE7BADDAC372}.Debug|Any CPU.ActiveCfg = Debug|Any CPU
		{A45015F7-1206-4A3A-B1AD-EE7BADDAC372}.Debug|Any CPU.Build.0 = Debug|Any CPU
		{A45015F7-1206-4A3A-B1AD-EE7BADDAC372}.Release|Any CPU.ActiveCfg = Release|Any CPU
		{A45015F7-1206-4A3A-B1AD-EE7BADDAC372}.Release|Any CPU.Build.0 = Release|Any CPU
		{9D8E8AC0-085C-4E38-84AB-412B73CB04F8}.Debug|Any CPU.ActiveCfg = Debug|Any CPU
		{9D8E8AC0-085C-4E38-84AB-412B73CB04F8}.Debug|Any CPU.Build.0 = Debug|Any CPU
		{9D8E8AC0-085C-4E38-84AB-412B73CB04F8}.Release|Any CPU.ActiveCfg = Release|Any CPU
		{9D8E8AC0-085C-4E38-84AB-412B73CB04F8}.Release|Any CPU.Build.0 = Release|Any CPU
		{6AF957F7-6798-41FA-B923-1D96783FC0BF}.Debug|Any CPU.ActiveCfg = Debug|Any CPU
		{6AF957F7-6798-41FA-B923-1D96783FC0BF}.Debug|Any CPU.Build.0 = Debug|Any CPU
		{6AF957F7-6798-41FA-B923-1D96783FC0BF}.Release|Any CPU.ActiveCfg = Release|Any CPU
		{6AF957F7-6798-41FA-B923-1D96783FC0BF}.Release|Any CPU.Build.0 = Release|Any CPU
		{CD57E123-B419-4357-8746-78AD9E3FCB5E}.Debug|Any CPU.ActiveCfg = Debug|Any CPU
		{CD57E123-B419-4357-8746-78AD9E3FCB5E}.Debug|Any CPU.Build.0 = Debug|Any CPU
		{CD57E123-B419-4357-8746-78AD9E3FCB5E}.Release|Any CPU.ActiveCfg = Release|Any CPU
		{CD57E123-B419-4357-8746-78AD9E3FCB5E}.Release|Any CPU.Build.0 = Release|Any CPU
		{F1755FE1-0B54-4504-B42D-1A30EAAB0C88}.Debug|Any CPU.ActiveCfg = Debug|Any CPU
		{F1755FE1-0B54-4504-B42D-1A30EAAB0C88}.Debug|Any CPU.Build.0 = Debug|Any CPU
		{F1755FE1-0B54-4504-B42D-1A30EAAB0C88}.Release|Any CPU.ActiveCfg = Release|Any CPU
		{F1755FE1-0B54-4504-B42D-1A30EAAB0C88}.Release|Any CPU.Build.0 = Release|Any CPU
	EndGlobalSection
	GlobalSection(SolutionProperties) = preSolution
		HideSolutionNode = FALSE
	EndGlobalSection
	GlobalSection(ExtensibilityGlobals) = postSolution
		SolutionGuid = {90CB1412-8F01-4466-BBCC-3509D12C39EF}
	EndGlobalSection
EndGlobal
